Microsoft Visual Studio Solution File, Format Version 12.00
# Visual Studio 2012
Project("{FAE04EC0-301F-11D3-BF4B-00C04F79EFBC}") = "ARPG", "ARPG.csproj", "{49706D83-8D13-4398-9A18-D47175393148}"
EndProject
Global
	GlobalSection(SolutionConfigurationPlatforms) = preSolution
	Debug|Any CPU = Debug|Any CPU
	ExportDebug|Any CPU = ExportDebug|Any CPU
	ExportRelease|Any CPU = ExportRelease|Any CPU
	EndGlobalSection
	GlobalSection(ProjectConfigurationPlatforms) = postSolution
		{49706D83-8D13-4398-9A18-D47175393148}.Debug|Any CPU.ActiveCfg = Debug|Any CPU
		{49706D83-8D13-4398-9A18-D47175393148}.Debug|Any CPU.Build.0 = Debug|Any CPU
		{49706D83-8D13-4398-9A18-D47175393148}.ExportDebug|Any CPU.ActiveCfg = ExportDebug|Any CPU
		{49706D83-8D13-4398-9A18-D47175393148}.ExportDebug|Any CPU.Build.0 = ExportDebug|Any CPU
		{49706D83-8D13-4398-9A18-D47175393148}.ExportRelease|Any CPU.ActiveCfg = ExportRelease|Any CPU
		{49706D83-8D13-4398-9A18-D47175393148}.ExportRelease|Any CPU.Build.0 = ExportRelease|Any CPU
	EndGlobalSection
EndGlobal
